{
  "requires": true,
  "lockfileVersion": 1,
  "dependencies": {
    "ngx-echarts": {
      "version": "5.2.1",
      "resolved": "https://registry.npmjs.org/ngx-echarts/-/ngx-echarts-5.2.1.tgz",
      "integrity": "sha512-6Ypt0QDWHeMz2dKT9lV0CIVwRS+iAEcMtyw/qTOeScPgcbz+SG+XHs9n2tYNuhNtwdTKbAyLOZ1uevUJqPYTCw=="
    }
  }
}
